// !$*UTF8*$!
{
	archiveVersion = 1;
	classes = {
	};
	objectVersion = 55;
	objects = {

/* Begin PBXBuildFile section */
		CD15A9A427043DD400333111 /* Repositories.swift in Sources */ = {isa = PBXBuildFile; fileRef = CD15A9A327043DD400333111 /* Repositories.swift */; };
		CD15A9A62705689300333111 /* RepositorySpies.swift in Sources */ = {isa = PBXBuildFile; fileRef = CD15A9A52705689300333111 /* RepositorySpies.swift */; };
		CD53C2C92717F3A90052F9C6 /* DeckInfoViewController.swift in Sources */ = {isa = PBXBuildFile; fileRef = CD53C2C82717F3A90052F9C6 /* DeckInfoViewController.swift */; };
		CD53C2CB2717F3B20052F9C6 /* DeckInfoViewModel.swift in Sources */ = {isa = PBXBuildFile; fileRef = CD53C2CA2717F3B20052F9C6 /* DeckInfoViewModel.swift */; };
		CD53C2CE2717F4540052F9C6 /* DeckInfoViewModelTests.swift in Sources */ = {isa = PBXBuildFile; fileRef = CD53C2CC2717F4510052F9C6 /* DeckInfoViewModelTests.swift */; };
		CD9C282D270EA880001D43D3 /* DeckStudyViewController.swift in Sources */ = {isa = PBXBuildFile; fileRef = CD9C282C270EA880001D43D3 /* DeckStudyViewController.swift */; };
		CD9C282F270EA889001D43D3 /* DeckStudyViewModel.swift in Sources */ = {isa = PBXBuildFile; fileRef = CD9C282E270EA889001D43D3 /* DeckStudyViewModel.swift */; };
		CD9C2833270EA996001D43D3 /* Coordinator.swift in Sources */ = {isa = PBXBuildFile; fileRef = CD9C2832270EA996001D43D3 /* Coordinator.swift */; };
		CD9C2835270EAFF1001D43D3 /* CoordinatorSpy.swift in Sources */ = {isa = PBXBuildFile; fileRef = CD9C2834270EAFF1001D43D3 /* CoordinatorSpy.swift */; };
		CD9C2837270EB188001D43D3 /* DeckStudyViewModelTests.swift in Sources */ = {isa = PBXBuildFile; fileRef = CD9C2836270EB188001D43D3 /* DeckStudyViewModelTests.swift */; };
		CDA44BB226FFE8B500BC5118 /* AppDelegate.swift in Sources */ = {isa = PBXBuildFile; fileRef = CDA44BB126FFE8B500BC5118 /* AppDelegate.swift */; };
		CDA44BB426FFE8B500BC5118 /* SceneDelegate.swift in Sources */ = {isa = PBXBuildFile; fileRef = CDA44BB326FFE8B500BC5118 /* SceneDelegate.swift */; };
		CDA44BBC26FFE8B500BC5118 /* Spreppy.xcdatamodeld in Sources */ = {isa = PBXBuildFile; fileRef = CDA44BBA26FFE8B500BC5118 /* Spreppy.xcdatamodeld */; };
		CDA44BBE26FFE8B600BC5118 /* Assets.xcassets in Resources */ = {isa = PBXBuildFile; fileRef = CDA44BBD26FFE8B600BC5118 /* Assets.xcassets */; };
		CDA44BC126FFE8B600BC5118 /* LaunchScreen.storyboard in Resources */ = {isa = PBXBuildFile; fileRef = CDA44BBF26FFE8B600BC5118 /* LaunchScreen.storyboard */; };
		CDA44BD626FFE8B700BC5118 /* SpreppyUITests.swift in Sources */ = {isa = PBXBuildFile; fileRef = CDA44BD526FFE8B700BC5118 /* SpreppyUITests.swift */; };
		CDA44BD826FFE8B700BC5118 /* SpreppyUITestsLaunchTests.swift in Sources */ = {isa = PBXBuildFile; fileRef = CDA44BD726FFE8B700BC5118 /* SpreppyUITestsLaunchTests.swift */; };
		CDA44BE526FFEC6500BC5118 /* SettingsViewController.swift in Sources */ = {isa = PBXBuildFile; fileRef = CDA44BE426FFEC6500BC5118 /* SettingsViewController.swift */; };
		CDA44BE726FFEE9800BC5118 /* DeckListViewController.swift in Sources */ = {isa = PBXBuildFile; fileRef = CDA44BE626FFEE9800BC5118 /* DeckListViewController.swift */; };
		CDA44BEA26FFF2EA00BC5118 /* DeckListViewModel.swift in Sources */ = {isa = PBXBuildFile; fileRef = CDA44BE926FFF2EA00BC5118 /* DeckListViewModel.swift */; };
		CDA44BEC270020C000BC5118 /* DeckListViewModelTests.swift in Sources */ = {isa = PBXBuildFile; fileRef = CDA44BEB270020C000BC5118 /* DeckListViewModelTests.swift */; };
		CDA44BEE2700263100BC5118 /* Model.swift in Sources */ = {isa = PBXBuildFile; fileRef = CDA44BED2700263100BC5118 /* Model.swift */; };
		CDA44BF12700268500BC5118 /* DeckModel.swift in Sources */ = {isa = PBXBuildFile; fileRef = CDA44BF02700268500BC5118 /* DeckModel.swift */; };
		CDA44BF42700285300BC5118 /* DeckRepository.swift in Sources */ = {isa = PBXBuildFile; fileRef = CDA44BF32700285300BC5118 /* DeckRepository.swift */; };
		CDA44BF62700500800BC5118 /* DeckCell.swift in Sources */ = {isa = PBXBuildFile; fileRef = CDA44BF52700500800BC5118 /* DeckCell.swift */; };
		CDA44BF82701444400BC5118 /* CardModel.swift in Sources */ = {isa = PBXBuildFile; fileRef = CDA44BF72701444400BC5118 /* CardModel.swift */; };
		CDA44BFA27014A7C00BC5118 /* CardRepository.swift in Sources */ = {isa = PBXBuildFile; fileRef = CDA44BF927014A7C00BC5118 /* CardRepository.swift */; };
/* End PBXBuildFile section */

/* Begin PBXContainerItemProxy section */
		CDA44BC826FFE8B700BC5118 /* PBXContainerItemProxy */ = {
			isa = PBXContainerItemProxy;
			containerPortal = CDA44BA626FFE8B500BC5118 /* Project object */;
			proxyType = 1;
			remoteGlobalIDString = CDA44BAD26FFE8B500BC5118;
			remoteInfo = Spreppy;
		};
		CDA44BD226FFE8B700BC5118 /* PBXContainerItemProxy */ = {
			isa = PBXContainerItemProxy;
			containerPortal = CDA44BA626FFE8B500BC5118 /* Project object */;
			proxyType = 1;
			remoteGlobalIDString = CDA44BAD26FFE8B500BC5118;
			remoteInfo = Spreppy;
		};
/* End PBXContainerItemProxy section */

/* Begin PBXFileReference section */
		CD15A9A327043DD400333111 /* Repositories.swift */ = {isa = PBXFileReference; lastKnownFileType = sourcecode.swift; path = Repositories.swift; sourceTree = "<group>"; };
		CD15A9A52705689300333111 /* RepositorySpies.swift */ = {isa = PBXFileReference; lastKnownFileType = sourcecode.swift; path = RepositorySpies.swift; sourceTree = "<group>"; };
		CD53C2C82717F3A90052F9C6 /* DeckInfoViewController.swift */ = {isa = PBXFileReference; lastKnownFileType = sourcecode.swift; path = DeckInfoViewController.swift; sourceTree = "<group>"; };
		CD53C2CA2717F3B20052F9C6 /* DeckInfoViewModel.swift */ = {isa = PBXFileReference; lastKnownFileType = sourcecode.swift; path = DeckInfoViewModel.swift; sourceTree = "<group>"; };
		CD53C2CC2717F4510052F9C6 /* DeckInfoViewModelTests.swift */ = {isa = PBXFileReference; lastKnownFileType = sourcecode.swift; path = DeckInfoViewModelTests.swift; sourceTree = "<group>"; };
		CD9C282C270EA880001D43D3 /* DeckStudyViewController.swift */ = {isa = PBXFileReference; lastKnownFileType = sourcecode.swift; path = DeckStudyViewController.swift; sourceTree = "<group>"; };
		CD9C282E270EA889001D43D3 /* DeckStudyViewModel.swift */ = {isa = PBXFileReference; lastKnownFileType = sourcecode.swift; path = DeckStudyViewModel.swift; sourceTree = "<group>"; };
		CD9C2832270EA996001D43D3 /* Coordinator.swift */ = {isa = PBXFileReference; lastKnownFileType = sourcecode.swift; path = Coordinator.swift; sourceTree = "<group>"; };
		CD9C2834270EAFF1001D43D3 /* CoordinatorSpy.swift */ = {isa = PBXFileReference; lastKnownFileType = sourcecode.swift; path = CoordinatorSpy.swift; sourceTree = "<group>"; };
		CD9C2836270EB188001D43D3 /* DeckStudyViewModelTests.swift */ = {isa = PBXFileReference; lastKnownFileType = sourcecode.swift; path = DeckStudyViewModelTests.swift; sourceTree = "<group>"; };
		CDA44BAE26FFE8B500BC5118 /* Spreppy.app */ = {isa = PBXFileReference; explicitFileType = wrapper.application; includeInIndex = 0; path = Spreppy.app; sourceTree = BUILT_PRODUCTS_DIR; };
		CDA44BB126FFE8B500BC5118 /* AppDelegate.swift */ = {isa = PBXFileReference; lastKnownFileType = sourcecode.swift; path = AppDelegate.swift; sourceTree = "<group>"; };
		CDA44BB326FFE8B500BC5118 /* SceneDelegate.swift */ = {isa = PBXFileReference; lastKnownFileType = sourcecode.swift; path = SceneDelegate.swift; sourceTree = "<group>"; };
		CDA44BBB26FFE8B500BC5118 /* Spreppy.xcdatamodel */ = {isa = PBXFileReference; lastKnownFileType = wrapper.xcdatamodel; path = Spreppy.xcdatamodel; sourceTree = "<group>"; };
		CDA44BBD26FFE8B600BC5118 /* Assets.xcassets */ = {isa = PBXFileReference; lastKnownFileType = folder.assetcatalog; path = Assets.xcassets; sourceTree = "<group>"; };
		CDA44BC026FFE8B600BC5118 /* Base */ = {isa = PBXFileReference; lastKnownFileType = file.storyboard; name = Base; path = Base.lproj/LaunchScreen.storyboard; sourceTree = "<group>"; };
		CDA44BC226FFE8B600BC5118 /* Info.plist */ = {isa = PBXFileReference; lastKnownFileType = text.plist.xml; path = Info.plist; sourceTree = "<group>"; };
		CDA44BC726FFE8B700BC5118 /* SpreppyTests.xctest */ = {isa = PBXFileReference; explicitFileType = wrapper.cfbundle; includeInIndex = 0; path = SpreppyTests.xctest; sourceTree = BUILT_PRODUCTS_DIR; };
		CDA44BD126FFE8B700BC5118 /* SpreppyUITests.xctest */ = {isa = PBXFileReference; explicitFileType = wrapper.cfbundle; includeInIndex = 0; path = SpreppyUITests.xctest; sourceTree = BUILT_PRODUCTS_DIR; };
		CDA44BD526FFE8B700BC5118 /* SpreppyUITests.swift */ = {isa = PBXFileReference; lastKnownFileType = sourcecode.swift; path = SpreppyUITests.swift; sourceTree = "<group>"; };
		CDA44BD726FFE8B700BC5118 /* SpreppyUITestsLaunchTests.swift */ = {isa = PBXFileReference; lastKnownFileType = sourcecode.swift; path = SpreppyUITestsLaunchTests.swift; sourceTree = "<group>"; };
		CDA44BE426FFEC6500BC5118 /* SettingsViewController.swift */ = {isa = PBXFileReference; lastKnownFileType = sourcecode.swift; path = SettingsViewController.swift; sourceTree = "<group>"; };
		CDA44BE626FFEE9800BC5118 /* DeckListViewController.swift */ = {isa = PBXFileReference; lastKnownFileType = sourcecode.swift; path = DeckListViewController.swift; sourceTree = "<group>"; };
		CDA44BE926FFF2EA00BC5118 /* DeckListViewModel.swift */ = {isa = PBXFileReference; lastKnownFileType = sourcecode.swift; path = DeckListViewModel.swift; sourceTree = "<group>"; };
		CDA44BEB270020C000BC5118 /* DeckListViewModelTests.swift */ = {isa = PBXFileReference; lastKnownFileType = sourcecode.swift; path = DeckListViewModelTests.swift; sourceTree = "<group>"; };
		CDA44BED2700263100BC5118 /* Model.swift */ = {isa = PBXFileReference; lastKnownFileType = sourcecode.swift; path = Model.swift; sourceTree = "<group>"; };
		CDA44BF02700268500BC5118 /* DeckModel.swift */ = {isa = PBXFileReference; lastKnownFileType = sourcecode.swift; path = DeckModel.swift; sourceTree = "<group>"; };
		CDA44BF32700285300BC5118 /* DeckRepository.swift */ = {isa = PBXFileReference; lastKnownFileType = sourcecode.swift; path = DeckRepository.swift; sourceTree = "<group>"; };
		CDA44BF52700500800BC5118 /* DeckCell.swift */ = {isa = PBXFileReference; lastKnownFileType = sourcecode.swift; path = DeckCell.swift; sourceTree = "<group>"; };
		CDA44BF72701444400BC5118 /* CardModel.swift */ = {isa = PBXFileReference; lastKnownFileType = sourcecode.swift; path = CardModel.swift; sourceTree = "<group>"; };
		CDA44BF927014A7C00BC5118 /* CardRepository.swift */ = {isa = PBXFileReference; lastKnownFileType = sourcecode.swift; path = CardRepository.swift; sourceTree = "<group>"; };
/* End PBXFileReference section */

/* Begin PBXFrameworksBuildPhase section */
		CDA44BAB26FFE8B500BC5118 /* Frameworks */ = {
			isa = PBXFrameworksBuildPhase;
			buildActionMask = 2147483647;
			files = (
			);
			runOnlyForDeploymentPostprocessing = 0;
		};
		CDA44BC426FFE8B700BC5118 /* Frameworks */ = {
			isa = PBXFrameworksBuildPhase;
			buildActionMask = 2147483647;
			files = (
			);
			runOnlyForDeploymentPostprocessing = 0;
		};
		CDA44BCE26FFE8B700BC5118 /* Frameworks */ = {
			isa = PBXFrameworksBuildPhase;
			buildActionMask = 2147483647;
			files = (
			);
			runOnlyForDeploymentPostprocessing = 0;
		};
/* End PBXFrameworksBuildPhase section */

/* Begin PBXGroup section */
		CD53C2C52717F3730052F9C6 /* Deck Info */ = {
			isa = PBXGroup;
			children = (
				CD53C2C82717F3A90052F9C6 /* DeckInfoViewController.swift */,
				CD53C2CA2717F3B20052F9C6 /* DeckInfoViewModel.swift */,
			);
			path = "Deck Info";
			sourceTree = "<group>";
		};
		CD9C282B270EA83C001D43D3 /* Deck Study */ = {
			isa = PBXGroup;
			children = (
				CD9C282C270EA880001D43D3 /* DeckStudyViewController.swift */,
				CD9C282E270EA889001D43D3 /* DeckStudyViewModel.swift */,
			);
			path = "Deck Study";
			sourceTree = "<group>";
		};
		CD9C2830270EA976001D43D3 /* Coordinators */ = {
			isa = PBXGroup;
			children = (
				CD9C2832270EA996001D43D3 /* Coordinator.swift */,
			);
			path = Coordinators;
			sourceTree = "<group>";
		};
		CD9C2831270EA980001D43D3 /* Features */ = {
			isa = PBXGroup;
			children = (
				CD53C2C52717F3730052F9C6 /* Deck Info */,
				CDA44BE826FFF2DD00BC5118 /* Deck List */,
				CD9C282B270EA83C001D43D3 /* Deck Study */,
			);
			path = Features;
			sourceTree = "<group>";
		};
		CDA44BA526FFE8B500BC5118 = {
			isa = PBXGroup;
			children = (
				CDA44BB026FFE8B500BC5118 /* Spreppy */,
				CDA44BCA26FFE8B700BC5118 /* SpreppyTests */,
				CDA44BD426FFE8B700BC5118 /* SpreppyUITests */,
				CDA44BAF26FFE8B500BC5118 /* Products */,
			);
			sourceTree = "<group>";
		};
		CDA44BAF26FFE8B500BC5118 /* Products */ = {
			isa = PBXGroup;
			children = (
				CDA44BAE26FFE8B500BC5118 /* Spreppy.app */,
				CDA44BC726FFE8B700BC5118 /* SpreppyTests.xctest */,
				CDA44BD126FFE8B700BC5118 /* SpreppyUITests.xctest */,
			);
			name = Products;
			sourceTree = "<group>";
		};
		CDA44BB026FFE8B500BC5118 /* Spreppy */ = {
			isa = PBXGroup;
			children = (
				CD9C2830270EA976001D43D3 /* Coordinators */,
				CDA44BEF2700267900BC5118 /* Models */,
				CDA44BF2270027D100BC5118 /* Repositories */,
				CD9C2831270EA980001D43D3 /* Features */,
				CDA44BB126FFE8B500BC5118 /* AppDelegate.swift */,
				CDA44BE426FFEC6500BC5118 /* SettingsViewController.swift */,
				CDA44BB326FFE8B500BC5118 /* SceneDelegate.swift */,
				CDA44BBD26FFE8B600BC5118 /* Assets.xcassets */,
				CDA44BBF26FFE8B600BC5118 /* LaunchScreen.storyboard */,
				CDA44BC226FFE8B600BC5118 /* Info.plist */,
				CDA44BBA26FFE8B500BC5118 /* Spreppy.xcdatamodeld */,
			);
			path = Spreppy;
			sourceTree = "<group>";
		};
		CDA44BCA26FFE8B700BC5118 /* SpreppyTests */ = {
			isa = PBXGroup;
			children = (
				CD53C2CC2717F4510052F9C6 /* DeckInfoViewModelTests.swift */,
				CDA44BEB270020C000BC5118 /* DeckListViewModelTests.swift */,
				CD9C2836270EB188001D43D3 /* DeckStudyViewModelTests.swift */,
				CD15A9A52705689300333111 /* RepositorySpies.swift */,
				CD9C2834270EAFF1001D43D3 /* CoordinatorSpy.swift */,
			);
			path = SpreppyTests;
			sourceTree = "<group>";
		};
		CDA44BD426FFE8B700BC5118 /* SpreppyUITests */ = {
			isa = PBXGroup;
			children = (
				CDA44BD526FFE8B700BC5118 /* SpreppyUITests.swift */,
				CDA44BD726FFE8B700BC5118 /* SpreppyUITestsLaunchTests.swift */,
			);
			path = SpreppyUITests;
			sourceTree = "<group>";
		};
		CDA44BE826FFF2DD00BC5118 /* Deck List */ = {
			isa = PBXGroup;
			children = (
				CDA44BE626FFEE9800BC5118 /* DeckListViewController.swift */,
				CDA44BE926FFF2EA00BC5118 /* DeckListViewModel.swift */,
				CDA44BF52700500800BC5118 /* DeckCell.swift */,
			);
			path = "Deck List";
			sourceTree = "<group>";
		};
		CDA44BEF2700267900BC5118 /* Models */ = {
			isa = PBXGroup;
			children = (
				CDA44BED2700263100BC5118 /* Model.swift */,
				CDA44BF72701444400BC5118 /* CardModel.swift */,
				CDA44BF02700268500BC5118 /* DeckModel.swift */,
			);
			path = Models;
			sourceTree = "<group>";
		};
		CDA44BF2270027D100BC5118 /* Repositories */ = {
			isa = PBXGroup;
			children = (
				CD15A9A327043DD400333111 /* Repositories.swift */,
				CDA44BF927014A7C00BC5118 /* CardRepository.swift */,
				CDA44BF32700285300BC5118 /* DeckRepository.swift */,
			);
			path = Repositories;
			sourceTree = "<group>";
		};
/* End PBXGroup section */

/* Begin PBXNativeTarget section */
		CDA44BAD26FFE8B500BC5118 /* Spreppy */ = {
			isa = PBXNativeTarget;
			buildConfigurationList = CDA44BDB26FFE8B700BC5118 /* Build configuration list for PBXNativeTarget "Spreppy" */;
			buildPhases = (
				CDA44BAA26FFE8B500BC5118 /* Sources */,
				CDA44BAB26FFE8B500BC5118 /* Frameworks */,
				CDA44BAC26FFE8B500BC5118 /* Resources */,
			);
			buildRules = (
			);
			dependencies = (
			);
			name = Spreppy;
			productName = Spreppy;
			productReference = CDA44BAE26FFE8B500BC5118 /* Spreppy.app */;
			productType = "com.apple.product-type.application";
		};
		CDA44BC626FFE8B700BC5118 /* SpreppyTests */ = {
			isa = PBXNativeTarget;
			buildConfigurationList = CDA44BDE26FFE8B700BC5118 /* Build configuration list for PBXNativeTarget "SpreppyTests" */;
			buildPhases = (
				CDA44BC326FFE8B700BC5118 /* Sources */,
				CDA44BC426FFE8B700BC5118 /* Frameworks */,
				CDA44BC526FFE8B700BC5118 /* Resources */,
			);
			buildRules = (
			);
			dependencies = (
				CDA44BC926FFE8B700BC5118 /* PBXTargetDependency */,
			);
			name = SpreppyTests;
			productName = SpreppyTests;
			productReference = CDA44BC726FFE8B700BC5118 /* SpreppyTests.xctest */;
			productType = "com.apple.product-type.bundle.unit-test";
		};
		CDA44BD026FFE8B700BC5118 /* SpreppyUITests */ = {
			isa = PBXNativeTarget;
			buildConfigurationList = CDA44BE126FFE8B700BC5118 /* Build configuration list for PBXNativeTarget "SpreppyUITests" */;
			buildPhases = (
				CDA44BCD26FFE8B700BC5118 /* Sources */,
				CDA44BCE26FFE8B700BC5118 /* Frameworks */,
				CDA44BCF26FFE8B700BC5118 /* Resources */,
			);
			buildRules = (
			);
			dependencies = (
				CDA44BD326FFE8B700BC5118 /* PBXTargetDependency */,
			);
			name = SpreppyUITests;
			productName = SpreppyUITests;
			productReference = CDA44BD126FFE8B700BC5118 /* SpreppyUITests.xctest */;
			productType = "com.apple.product-type.bundle.ui-testing";
		};
/* End PBXNativeTarget section */

/* Begin PBXProject section */
		CDA44BA626FFE8B500BC5118 /* Project object */ = {
			isa = PBXProject;
			attributes = {
				BuildIndependentTargetsInParallel = 1;
				LastSwiftUpdateCheck = 1300;
				LastUpgradeCheck = 1300;
				TargetAttributes = {
					CDA44BAD26FFE8B500BC5118 = {
						CreatedOnToolsVersion = 13.0;
					};
					CDA44BC626FFE8B700BC5118 = {
						CreatedOnToolsVersion = 13.0;
						TestTargetID = CDA44BAD26FFE8B500BC5118;
					};
					CDA44BD026FFE8B700BC5118 = {
						CreatedOnToolsVersion = 13.0;
						TestTargetID = CDA44BAD26FFE8B500BC5118;
					};
				};
			};
			buildConfigurationList = CDA44BA926FFE8B500BC5118 /* Build configuration list for PBXProject "Spreppy" */;
			compatibilityVersion = "Xcode 13.0";
			developmentRegion = en;
			hasScannedForEncodings = 0;
			knownRegions = (
				en,
				Base,
			);
			mainGroup = CDA44BA526FFE8B500BC5118;
			productRefGroup = CDA44BAF26FFE8B500BC5118 /* Products */;
			projectDirPath = "";
			projectRoot = "";
			targets = (
				CDA44BAD26FFE8B500BC5118 /* Spreppy */,
				CDA44BC626FFE8B700BC5118 /* SpreppyTests */,
				CDA44BD026FFE8B700BC5118 /* SpreppyUITests */,
			);
		};
/* End PBXProject section */

/* Begin PBXResourcesBuildPhase section */
		CDA44BAC26FFE8B500BC5118 /* Resources */ = {
			isa = PBXResourcesBuildPhase;
			buildActionMask = 2147483647;
			files = (
				CDA44BC126FFE8B600BC5118 /* LaunchScreen.storyboard in Resources */,
				CDA44BBE26FFE8B600BC5118 /* Assets.xcassets in Resources */,
			);
			runOnlyForDeploymentPostprocessing = 0;
		};
		CDA44BC526FFE8B700BC5118 /* Resources */ = {
			isa = PBXResourcesBuildPhase;
			buildActionMask = 2147483647;
			files = (
			);
			runOnlyForDeploymentPostprocessing = 0;
		};
		CDA44BCF26FFE8B700BC5118 /* Resources */ = {
			isa = PBXResourcesBuildPhase;
			buildActionMask = 2147483647;
			files = (
			);
			runOnlyForDeploymentPostprocessing = 0;
		};
/* End PBXResourcesBuildPhase section */

/* Begin PBXSourcesBuildPhase section */
		CDA44BAA26FFE8B500BC5118 /* Sources */ = {
			isa = PBXSourcesBuildPhase;
			buildActionMask = 2147483647;
			files = (
				CD9C2833270EA996001D43D3 /* Coordinator.swift in Sources */,
				CDA44BEE2700263100BC5118 /* Model.swift in Sources */,
				CDA44BFA27014A7C00BC5118 /* CardRepository.swift in Sources */,
				CDA44BF82701444400BC5118 /* CardModel.swift in Sources */,
				CDA44BB226FFE8B500BC5118 /* AppDelegate.swift in Sources */,
				CDA44BF42700285300BC5118 /* DeckRepository.swift in Sources */,
				CD9C282F270EA889001D43D3 /* DeckStudyViewModel.swift in Sources */,
				CDA44BF12700268500BC5118 /* DeckModel.swift in Sources */,
				CDA44BB426FFE8B500BC5118 /* SceneDelegate.swift in Sources */,
				CD53C2C92717F3A90052F9C6 /* DeckInfoViewController.swift in Sources */,
				CDA44BE726FFEE9800BC5118 /* DeckListViewController.swift in Sources */,
				CDA44BF62700500800BC5118 /* DeckCell.swift in Sources */,
				CD15A9A427043DD400333111 /* Repositories.swift in Sources */,
				CD53C2CB2717F3B20052F9C6 /* DeckInfoViewModel.swift in Sources */,
				CDA44BEA26FFF2EA00BC5118 /* DeckListViewModel.swift in Sources */,
				CD9C282D270EA880001D43D3 /* DeckStudyViewController.swift in Sources */,
				CDA44BBC26FFE8B500BC5118 /* Spreppy.xcdatamodeld in Sources */,
				CDA44BE526FFEC6500BC5118 /* SettingsViewController.swift in Sources */,
			);
			runOnlyForDeploymentPostprocessing = 0;
		};
		CDA44BC326FFE8B700BC5118 /* Sources */ = {
			isa = PBXSourcesBuildPhase;
			buildActionMask = 2147483647;
			files = (
				CD15A9A62705689300333111 /* RepositorySpies.swift in Sources */,
				CD9C2835270EAFF1001D43D3 /* CoordinatorSpy.swift in Sources */,
				CDA44BEC270020C000BC5118 /* DeckListViewModelTests.swift in Sources */,
				CD9C2837270EB188001D43D3 /* DeckStudyViewModelTests.swift in Sources */,
				CD53C2CE2717F4540052F9C6 /* DeckInfoViewModelTests.swift in Sources */,
			);
			runOnlyForDeploymentPostprocessing = 0;
		};
		CDA44BCD26FFE8B700BC5118 /* Sources */ = {
			isa = PBXSourcesBuildPhase;
			buildActionMask = 2147483647;
			files = (
				CDA44BD826FFE8B700BC5118 /* SpreppyUITestsLaunchTests.swift in Sources */,
				CDA44BD626FFE8B700BC5118 /* SpreppyUITests.swift in Sources */,
			);
			runOnlyForDeploymentPostprocessing = 0;
		};
/* End PBXSourcesBuildPhase section */

/* Begin PBXTargetDependency section */
		CDA44BC926FFE8B700BC5118 /* PBXTargetDependency */ = {
			isa = PBXTargetDependency;
			target = CDA44BAD26FFE8B500BC5118 /* Spreppy */;
			targetProxy = CDA44BC826FFE8B700BC5118 /* PBXContainerItemProxy */;
		};
		CDA44BD326FFE8B700BC5118 /* PBXTargetDependency */ = {
			isa = PBXTargetDependency;
			target = CDA44BAD26FFE8B500BC5118 /* Spreppy */;
			targetProxy = CDA44BD226FFE8B700BC5118 /* PBXContainerItemProxy */;
		};
/* End PBXTargetDependency section */

/* Begin PBXVariantGroup section */
		CDA44BBF26FFE8B600BC5118 /* LaunchScreen.storyboard */ = {
			isa = PBXVariantGroup;
			children = (
				CDA44BC026FFE8B600BC5118 /* Base */,
			);
			name = LaunchScreen.storyboard;
			sourceTree = "<group>";
		};
/* End PBXVariantGroup section */

/* Begin XCBuildConfiguration section */
		CDA44BD926FFE8B700BC5118 /* Debug */ = {
			isa = XCBuildConfiguration;
			buildSettings = {
				ALWAYS_SEARCH_USER_PATHS = NO;
				CLANG_ANALYZER_NONNULL = YES;
				CLANG_ANALYZER_NUMBER_OBJECT_CONVERSION = YES_AGGRESSIVE;
				CLANG_CXX_LANGUAGE_STANDARD = "gnu++17";
				CLANG_CXX_LIBRARY = "libc++";
				CLANG_ENABLE_MODULES = YES;
				CLANG_ENABLE_OBJC_ARC = YES;
				CLANG_ENABLE_OBJC_WEAK = YES;
				CLANG_WARN_BLOCK_CAPTURE_AUTORELEASING = YES;
				CLANG_WARN_BOOL_CONVERSION = YES;
				CLANG_WARN_COMMA = YES;
				CLANG_WARN_CONSTANT_CONVERSION = YES;
				CLANG_WARN_DEPRECATED_OBJC_IMPLEMENTATIONS = YES;
				CLANG_WARN_DIRECT_OBJC_ISA_USAGE = YES_ERROR;
				CLANG_WARN_DOCUMENTATION_COMMENTS = YES;
				CLANG_WARN_EMPTY_BODY = YES;
				CLANG_WARN_ENUM_CONVERSION = YES;
				CLANG_WARN_INFINITE_RECURSION = YES;
				CLANG_WARN_INT_CONVERSION = YES;
				CLANG_WARN_NON_LITERAL_NULL_CONVERSION = YES;
				CLANG_WARN_OBJC_IMPLICIT_RETAIN_SELF = YES;
				CLANG_WARN_OBJC_LITERAL_CONVERSION = YES;
				CLANG_WARN_OBJC_ROOT_CLASS = YES_ERROR;
				CLANG_WARN_QUOTED_INCLUDE_IN_FRAMEWORK_HEADER = YES;
				CLANG_WARN_RANGE_LOOP_ANALYSIS = YES;
				CLANG_WARN_STRICT_PROTOTYPES = YES;
				CLANG_WARN_SUSPICIOUS_MOVE = YES;
				CLANG_WARN_UNGUARDED_AVAILABILITY = YES_AGGRESSIVE;
				CLANG_WARN_UNREACHABLE_CODE = YES;
				CLANG_WARN__DUPLICATE_METHOD_MATCH = YES;
				COPY_PHASE_STRIP = NO;
				DEBUG_INFORMATION_FORMAT = dwarf;
				ENABLE_STRICT_OBJC_MSGSEND = YES;
				ENABLE_TESTABILITY = YES;
				GCC_C_LANGUAGE_STANDARD = gnu11;
				GCC_DYNAMIC_NO_PIC = NO;
				GCC_NO_COMMON_BLOCKS = YES;
				GCC_OPTIMIZATION_LEVEL = 0;
				GCC_PREPROCESSOR_DEFINITIONS = (
					"DEBUG=1",
					"$(inherited)",
				);
				GCC_WARN_64_TO_32_BIT_CONVERSION = YES;
				GCC_WARN_ABOUT_RETURN_TYPE = YES_ERROR;
				GCC_WARN_UNDECLARED_SELECTOR = YES;
				GCC_WARN_UNINITIALIZED_AUTOS = YES_AGGRESSIVE;
				GCC_WARN_UNUSED_FUNCTION = YES;
				GCC_WARN_UNUSED_VARIABLE = YES;
				IPHONEOS_DEPLOYMENT_TARGET = 15.0;
				MTL_ENABLE_DEBUG_INFO = INCLUDE_SOURCE;
				MTL_FAST_MATH = YES;
				ONLY_ACTIVE_ARCH = YES;
				SDKROOT = iphoneos;
				SWIFT_ACTIVE_COMPILATION_CONDITIONS = DEBUG;
				SWIFT_OPTIMIZATION_LEVEL = "-Onone";
			};
			name = Debug;
		};
		CDA44BDA26FFE8B700BC5118 /* Release */ = {
			isa = XCBuildConfiguration;
			buildSettings = {
				ALWAYS_SEARCH_USER_PATHS = NO;
				CLANG_ANALYZER_NONNULL = YES;
				CLANG_ANALYZER_NUMBER_OBJECT_CONVERSION = YES_AGGRESSIVE;
				CLANG_CXX_LANGUAGE_STANDARD = "gnu++17";
				CLANG_CXX_LIBRARY = "libc++";
				CLANG_ENABLE_MODULES = YES;
				CLANG_ENABLE_OBJC_ARC = YES;
				CLANG_ENABLE_OBJC_WEAK = YES;
				CLANG_WARN_BLOCK_CAPTURE_AUTORELEASING = YES;
				CLANG_WARN_BOOL_CONVERSION = YES;
				CLANG_WARN_COMMA = YES;
				CLANG_WARN_CONSTANT_CONVERSION = YES;
				CLANG_WARN_DEPRECATED_OBJC_IMPLEMENTATIONS = YES;
				CLANG_WARN_DIRECT_OBJC_ISA_USAGE = YES_ERROR;
				CLANG_WARN_DOCUMENTATION_COMMENTS = YES;
				CLANG_WARN_EMPTY_BODY = YES;
				CLANG_WARN_ENUM_CONVERSION = YES;
				CLANG_WARN_INFINITE_RECURSION = YES;
				CLANG_WARN_INT_CONVERSION = YES;
				CLANG_WARN_NON_LITERAL_NULL_CONVERSION = YES;
				CLANG_WARN_OBJC_IMPLICIT_RETAIN_SELF = YES;
				CLANG_WARN_OBJC_LITERAL_CONVERSION = YES;
				CLANG_WARN_OBJC_ROOT_CLASS = YES_ERROR;
				CLANG_WARN_QUOTED_INCLUDE_IN_FRAMEWORK_HEADER = YES;
				CLANG_WARN_RANGE_LOOP_ANALYSIS = YES;
				CLANG_WARN_STRICT_PROTOTYPES = YES;
				CLANG_WARN_SUSPICIOUS_MOVE = YES;
				CLANG_WARN_UNGUARDED_AVAILABILITY = YES_AGGRESSIVE;
				CLANG_WARN_UNREACHABLE_CODE = YES;
				CLANG_WARN__DUPLICATE_METHOD_MATCH = YES;
				COPY_PHASE_STRIP = NO;
				DEBUG_INFORMATION_FORMAT = "dwarf-with-dsym";
				ENABLE_NS_ASSERTIONS = NO;
				ENABLE_STRICT_OBJC_MSGSEND = YES;
				GCC_C_LANGUAGE_STANDARD = gnu11;
				GCC_NO_COMMON_BLOCKS = YES;
				GCC_WARN_64_TO_32_BIT_CONVERSION = YES;
				GCC_WARN_ABOUT_RETURN_TYPE = YES_ERROR;
				GCC_WARN_UNDECLARED_SELECTOR = YES;
				GCC_WARN_UNINITIALIZED_AUTOS = YES_AGGRESSIVE;
				GCC_WARN_UNUSED_FUNCTION = YES;
				GCC_WARN_UNUSED_VARIABLE = YES;
				IPHONEOS_DEPLOYMENT_TARGET = 15.0;
				MTL_ENABLE_DEBUG_INFO = NO;
				MTL_FAST_MATH = YES;
				SDKROOT = iphoneos;
				SWIFT_COMPILATION_MODE = wholemodule;
				SWIFT_OPTIMIZATION_LEVEL = "-O";
				VALIDATE_PRODUCT = YES;
			};
			name = Release;
		};
		CDA44BDC26FFE8B700BC5118 /* Debug */ = {
			isa = XCBuildConfiguration;
			buildSettings = {
				ASSETCATALOG_COMPILER_APPICON_NAME = AppIcon;
				ASSETCATALOG_COMPILER_GLOBAL_ACCENT_COLOR_NAME = AccentColor;
				CODE_SIGN_STYLE = Automatic;
				CURRENT_PROJECT_VERSION = 1;
				DEVELOPMENT_TEAM = C436KHVHT4;
				GENERATE_INFOPLIST_FILE = YES;
				INFOPLIST_FILE = Spreppy/Info.plist;
				INFOPLIST_KEY_UIApplicationSupportsIndirectInputEvents = YES;
				INFOPLIST_KEY_UILaunchStoryboardName = LaunchScreen;
				INFOPLIST_KEY_UISupportedInterfaceOrientations_iPad = "UIInterfaceOrientationPortrait UIInterfaceOrientationPortraitUpsideDown UIInterfaceOrientationLandscapeLeft UIInterfaceOrientationLandscapeRight";
				INFOPLIST_KEY_UISupportedInterfaceOrientations_iPhone = "UIInterfaceOrientationPortrait UIInterfaceOrientationLandscapeLeft UIInterfaceOrientationLandscapeRight";
				LD_RUNPATH_SEARCH_PATHS = (
					"$(inherited)",
					"@executable_path/Frameworks",
				);
				MARKETING_VERSION = 1.0;
				PRODUCT_BUNDLE_IDENTIFIER = org.rwblickhan.Spreppy;
				PRODUCT_NAME = "$(TARGET_NAME)";
				SWIFT_EMIT_LOC_STRINGS = YES;
				SWIFT_VERSION = 5.0;
				TARGETED_DEVICE_FAMILY = "1,2";
			};
			name = Debug;
		};
		CDA44BDD26FFE8B700BC5118 /* Release */ = {
			isa = XCBuildConfiguration;
			buildSettings = {
				ASSETCATALOG_COMPILER_APPICON_NAME = AppIcon;
				ASSETCATALOG_COMPILER_GLOBAL_ACCENT_COLOR_NAME = AccentColor;
				CODE_SIGN_STYLE = Automatic;
				CURRENT_PROJECT_VERSION = 1;
				DEVELOPMENT_TEAM = C436KHVHT4;
				GENERATE_INFOPLIST_FILE = YES;
				INFOPLIST_FILE = Spreppy/Info.plist;
				INFOPLIST_KEY_UIApplicationSupportsIndirectInputEvents = YES;
				INFOPLIST_KEY_UILaunchStoryboardName = LaunchScreen;
				INFOPLIST_KEY_UISupportedInterfaceOrientations_iPad = "UIInterfaceOrientationPortrait UIInterfaceOrientationPortraitUpsideDown UIInterfaceOrientationLandscapeLeft UIInterfaceOrientationLandscapeRight";
				INFOPLIST_KEY_UISupportedInterfaceOrientations_iPhone = "UIInterfaceOrientationPortrait UIInterfaceOrientationLandscapeLeft UIInterfaceOrientationLandscapeRight";
				LD_RUNPATH_SEARCH_PATHS = (
					"$(inherited)",
					"@executable_path/Frameworks",
				);
				MARKETING_VERSION = 1.0;
				PRODUCT_BUNDLE_IDENTIFIER = org.rwblickhan.Spreppy;
				PRODUCT_NAME = "$(TARGET_NAME)";
				SWIFT_EMIT_LOC_STRINGS = YES;
				SWIFT_VERSION = 5.0;
				TARGETED_DEVICE_FAMILY = "1,2";
			};
			name = Release;
		};
		CDA44BDF26FFE8B700BC5118 /* Debug */ = {
			isa = XCBuildConfiguration;
			buildSettings = {
				ALWAYS_EMBED_SWIFT_STANDARD_LIBRARIES = YES;
				BUNDLE_LOADER = "$(TEST_HOST)";
				CODE_SIGN_STYLE = Automatic;
				CURRENT_PROJECT_VERSION = 1;
				DEVELOPMENT_TEAM = C436KHVHT4;
				GENERATE_INFOPLIST_FILE = YES;
				IPHONEOS_DEPLOYMENT_TARGET = 15.0;
				LD_RUNPATH_SEARCH_PATHS = (
					"$(inherited)",
					"@executable_path/Frameworks",
					"@loader_path/Frameworks",
				);
				MARKETING_VERSION = 1.0;
				PRODUCT_BUNDLE_IDENTIFIER = org.rwblickhan.SpreppyTests;
				PRODUCT_NAME = "$(TARGET_NAME)";
				SWIFT_EMIT_LOC_STRINGS = NO;
				SWIFT_VERSION = 5.0;
				TARGETED_DEVICE_FAMILY = "1,2";
				TEST_HOST = "$(BUILT_PRODUCTS_DIR)/Spreppy.app/Spreppy";
			};
			name = Debug;
		};
		CDA44BE026FFE8B700BC5118 /* Release */ = {
			isa = XCBuildConfiguration;
			buildSettings = {
				ALWAYS_EMBED_SWIFT_STANDARD_LIBRARIES = YES;
				BUNDLE_LOADER = "$(TEST_HOST)";
				CODE_SIGN_STYLE = Automatic;
				CURRENT_PROJECT_VERSION = 1;
				DEVELOPMENT_TEAM = C436KHVHT4;
				GENERATE_INFOPLIST_FILE = YES;
				IPHONEOS_DEPLOYMENT_TARGET = 15.0;
				LD_RUNPATH_SEARCH_PATHS = (
					"$(inherited)",
					"@executable_path/Frameworks",
					"@loader_path/Frameworks",
				);
				MARKETING_VERSION = 1.0;
				PRODUCT_BUNDLE_IDENTIFIER = org.rwblickhan.SpreppyTests;
				PRODUCT_NAME = "$(TARGET_NAME)";
				SWIFT_EMIT_LOC_STRINGS = NO;
				SWIFT_VERSION = 5.0;
				TARGETED_DEVICE_FAMILY = "1,2";
				TEST_HOST = "$(BUILT_PRODUCTS_DIR)/Spreppy.app/Spreppy";
			};
			name = Release;
		};
		CDA44BE226FFE8B700BC5118 /* Debug */ = {
			isa = XCBuildConfiguration;
			buildSettings = {
				ALWAYS_EMBED_SWIFT_STANDARD_LIBRARIES = YES;
				CODE_SIGN_STYLE = Automatic;
				CURRENT_PROJECT_VERSION = 1;
				DEVELOPMENT_TEAM = C436KHVHT4;
				GENERATE_INFOPLIST_FILE = YES;
				LD_RUNPATH_SEARCH_PATHS = (
					"$(inherited)",
					"@executable_path/Frameworks",
					"@loader_path/Frameworks",
				);
				MARKETING_VERSION = 1.0;
				PRODUCT_BUNDLE_IDENTIFIER = org.rwblickhan.SpreppyUITests;
				PRODUCT_NAME = "$(TARGET_NAME)";
				SWIFT_EMIT_LOC_STRINGS = NO;
				SWIFT_VERSION = 5.0;
				TARGETED_DEVICE_FAMILY = "1,2";
				TEST_TARGET_NAME = Spreppy;
			};
			name = Debug;
		};
		CDA44BE326FFE8B700BC5118 /* Release */ = {
			isa = XCBuildConfiguration;
			buildSettings = {
				ALWAYS_EMBED_SWIFT_STANDARD_LIBRARIES = YES;
				CODE_SIGN_STYLE = Automatic;
				CURRENT_PROJECT_VERSION = 1;
				DEVELOPMENT_TEAM = C436KHVHT4;
				GENERATE_INFOPLIST_FILE = YES;
				LD_RUNPATH_SEARCH_PATHS = (
					"$(inherited)",
					"@executable_path/Frameworks",
					"@loader_path/Frameworks",
				);
				MARKETING_VERSION = 1.0;
				PRODUCT_BUNDLE_IDENTIFIER = org.rwblickhan.SpreppyUITests;
				PRODUCT_NAME = "$(TARGET_NAME)";
				SWIFT_EMIT_LOC_STRINGS = NO;
				SWIFT_VERSION = 5.0;
				TARGETED_DEVICE_FAMILY = "1,2";
				TEST_TARGET_NAME = Spreppy;
			};
			name = Release;
		};
/* End XCBuildConfiguration section */

/* Begin XCConfigurationList section */
		CDA44BA926FFE8B500BC5118 /* Build configuration list for PBXProject "Spreppy" */ = {
			isa = XCConfigurationList;
			buildConfigurations = (
				CDA44BD926FFE8B700BC5118 /* Debug */,
				CDA44BDA26FFE8B700BC5118 /* Release */,
			);
			defaultConfigurationIsVisible = 0;
			defaultConfigurationName = Release;
		};
		CDA44BDB26FFE8B700BC5118 /* Build configuration list for PBXNativeTarget "Spreppy" */ = {
			isa = XCConfigurationList;
			buildConfigurations = (
				CDA44BDC26FFE8B700BC5118 /* Debug */,
				CDA44BDD26FFE8B700BC5118 /* Release */,
			);
			defaultConfigurationIsVisible = 0;
			defaultConfigurationName = Release;
		};
		CDA44BDE26FFE8B700BC5118 /* Build configuration list for PBXNativeTarget "SpreppyTests" */ = {
			isa = XCConfigurationList;
			buildConfigurations = (
				CDA44BDF26FFE8B700BC5118 /* Debug */,
				CDA44BE026FFE8B700BC5118 /* Release */,
			);
			defaultConfigurationIsVisible = 0;
			defaultConfigurationName = Release;
		};
		CDA44BE126FFE8B700BC5118 /* Build configuration list for PBXNativeTarget "SpreppyUITests" */ = {
			isa = XCConfigurationList;
			buildConfigurations = (
				CDA44BE226FFE8B700BC5118 /* Debug */,
				CDA44BE326FFE8B700BC5118 /* Release */,
			);
			defaultConfigurationIsVisible = 0;
			defaultConfigurationName = Release;
		};
/* End XCConfigurationList section */

/* Begin XCVersionGroup section */
		CDA44BBA26FFE8B500BC5118 /* Spreppy.xcdatamodeld */ = {
			isa = XCVersionGroup;
			children = (
				CDA44BBB26FFE8B500BC5118 /* Spreppy.xcdatamodel */,
			);
			currentVersion = CDA44BBB26FFE8B500BC5118 /* Spreppy.xcdatamodel */;
			path = Spreppy.xcdatamodeld;
			sourceTree = "<group>";
			versionGroupType = wrapper.xcdatamodel;
		};
/* End XCVersionGroup section */
	};
	rootObject = CDA44BA626FFE8B500BC5118 /* Project object */;
}
