{
  "object": {
    "pins": [
      {
        "package": "Shuffle",
        "repositoryURL": "https://github.com/mac-gallagher/Shuffle",
        "state": {
          "branch": null,
          "revision": "df246b9cd6b8b5e021b23c80706b4a4571785c1b",
          "version": "0.5.0"
        }
      }
    ]
  },
  "version": 1
}
